Microsoft Visual Studio Solution File, Format Version 8.00
Project("{8BC9CEB8-8B4A-11D0-8D11-00A0C91BC942}") = "newlib", "XarLib.vcproj", "{ED1EEA13-E66B-46B6-B993-0478FCA969CA}"
	ProjectSection(ProjectDependencies) = postProject
	EndProjectSection
EndProject
Global
	GlobalSection(SolutionConfiguration) = preSolution
		Debug = Debug
		Release = Release
	EndGlobalSection
	GlobalSection(ProjectConfiguration) = postSolution
		{ED1EEA13-E66B-46B6-B993-0478FCA969CA}.Debug.ActiveCfg = Debug|Win32
		{ED1EEA13-E66B-46B6-B993-0478FCA969CA}.Debug.Build.0 = Debug|Win32
		{ED1EEA13-E66B-46B6-B993-0478FCA969CA}.Release.ActiveCfg = Release|Win32
		{ED1EEA13-E66B-46B6-B993-0478FCA969CA}.Release.Build.0 = Release|Win32
	EndGlobalSection
	GlobalSection(ExtensibilityGlobals) = postSolution
	EndGlobalSection
	GlobalSection(ExtensibilityAddIns) = postSolution
	EndGlobalSection
EndGlobal
